
Microsoft Visual Studio Solution File, Format Version 12.00
# Visual Studio Version 17
VisualStudioVersion = 17.8.34511.84
MinimumVisualStudioVersion = 10.0.40219.1
Project("{FAE04EC0-301F-11D3-BF4B-00C04F79EFBC}") = "20250912WebAPI", "20250912WebAPI\20250912WebAPI.csproj", "{1E4E3681-73ED-434A-8BD0-CDBE8E80E837}"
EndProject
Global
	GlobalSection(SolutionConfigurationPlatforms) = preSolution
		Debug|Any CPU = Debug|Any CPU
		Release|Any CPU = Release|Any CPU
	EndGlobalSection
	GlobalSection(ProjectConfigurationPlatforms) = postSolution
		{1E4E3681-73ED-434A-8BD0-CDBE8E80E837}.Debug|Any CPU.ActiveCfg = Debug|Any CPU
		{1E4E3681-73ED-434A-8BD0-CDBE8E80E837}.Debug|Any CPU.Build.0 = Debug|Any CPU
		{1E4E3681-73ED-434A-8BD0-CDBE8E80E837}.Release|Any CPU.ActiveCfg = Release|Any CPU
		{1E4E3681-73ED-434A-8BD0-CDBE8E80E837}.Release|Any CPU.Build.0 = Release|Any CPU
	EndGlobalSection
	GlobalSection(SolutionProperties) = preSolution
		HideSolutionNode = FALSE
	EndGlobalSection
	GlobalSection(ExtensibilityGlobals) = postSolution
		SolutionGuid = {75E69554-689F-4E70-88CF-90A7574C107E}
	EndGlobalSection
EndGlobal
